// !$*UTF8*$!
{
	archiveVersion = 1;
	classes = {
	};
	objectVersion = 50;
	objects = {

/* Begin PBXBuildFile section */
		492845BF20E1440A00B2FBDC /* Info.swift in Sources */ = {isa = PBXBuildFile; fileRef = 492845AF20E1440900B2FBDC /* Info.swift */; };
		492845C020E1440A00B2FBDC /* InfoViewController.swift in Sources */ = {isa = PBXBuildFile; fileRef = 492845B020E1440900B2FBDC /* InfoViewController.swift */; };
		492845C120E1440A00B2FBDC /* ViewController.swift in Sources */ = {isa = PBXBuildFile; fileRef = 492845B120E1440900B2FBDC /* ViewController.swift */; };
		492845C220E1440A00B2FBDC /* FoodTableViewCell.swift in Sources */ = {isa = PBXBuildFile; fileRef = 492845B220E1440900B2FBDC /* FoodTableViewCell.swift */; };
		492845C320E1440A00B2FBDC /* FoodTableViewController.swift in Sources */ = {isa = PBXBuildFile; fileRef = 492845B320E1440900B2FBDC /* FoodTableViewController.swift */; };
		492845C420E1440A00B2FBDC /* FoodViewController.swift in Sources */ = {isa = PBXBuildFile; fileRef = 492845B420E1440900B2FBDC /* FoodViewController.swift */; };
		492845C520E1440A00B2FBDC /* Info.plist in Resources */ = {isa = PBXBuildFile; fileRef = 492845B520E1440900B2FBDC /* Info.plist */; };
		492845C620E1440A00B2FBDC /* Main.storyboard in Resources */ = {isa = PBXBuildFile; fileRef = 492845B620E1440900B2FBDC /* Main.storyboard */; };
		492845C720E1440A00B2FBDC /* Food.swift in Sources */ = {isa = PBXBuildFile; fileRef = 492845B720E1440900B2FBDC /* Food.swift */; };
		492845C820E1440A00B2FBDC /* WeightTableViewCell.swift in Sources */ = {isa = PBXBuildFile; fileRef = 492845B820E1440900B2FBDC /* WeightTableViewCell.swift */; };
		492845C920E1440A00B2FBDC /* WeightTableViewController.swift in Sources */ = {isa = PBXBuildFile; fileRef = 492845B920E1440900B2FBDC /* WeightTableViewController.swift */; };
		492845CA20E1440A00B2FBDC /* AddWeightTableViewController.swift in Sources */ = {isa = PBXBuildFile; fileRef = 492845BA20E1440900B2FBDC /* AddWeightTableViewController.swift */; };
		492845CB20E1440A00B2FBDC /* Assets.xcassets in Resources */ = {isa = PBXBuildFile; fileRef = 492845BB20E1440A00B2FBDC /* Assets.xcassets */; };
		492845CC20E1440A00B2FBDC /* LaunchScreen.storyboard in Resources */ = {isa = PBXBuildFile; fileRef = 492845BC20E1440A00B2FBDC /* LaunchScreen.storyboard */; };
		492845CD20E1440A00B2FBDC /* AddFoodTableViewController.swift in Sources */ = {isa = PBXBuildFile; fileRef = 492845BD20E1440A00B2FBDC /* AddFoodTableViewController.swift */; };
		492845CE20E1440A00B2FBDC /* AppDelegate.swift in Sources */ = {isa = PBXBuildFile; fileRef = 492845BE20E1440A00B2FBDC /* AppDelegate.swift */; };
/* End PBXBuildFile section */

/* Begin PBXFileReference section */
		491955B220E146CC00111C0A /* 00457118_final-Bridging-Header.h */ = {isa = PBXFileReference; fileEncoding = 4; lastKnownFileType = sourcecode.c.h; path = "00457118_final-Bridging-Header.h"; sourceTree = "<group>"; };
		4928459920E143A100B2FBDC /* 00457118_final.app */ = {isa = PBXFileReference; explicitFileType = wrapper.application; includeInIndex = 0; path = 00457118_final.app; sourceTree = BUILT_PRODUCTS_DIR; };
		492845AF20E1440900B2FBDC /* Info.swift */ = {isa = PBXFileReference; fileEncoding = 4; lastKnownFileType = sourcecode.swift; path = Info.swift; sourceTree = "<group>"; };
		492845B020E1440900B2FBDC /* InfoViewController.swift */ = {isa = PBXFileReference; fileEncoding = 4; lastKnownFileType = sourcecode.swift; path = InfoViewController.swift; sourceTree = "<group>"; };
		492845B120E1440900B2FBDC /* ViewController.swift */ = {isa = PBXFileReference; fileEncoding = 4; lastKnownFileType = sourcecode.swift; path = ViewController.swift; sourceTree = "<group>"; };
		492845B220E1440900B2FBDC /* FoodTableViewCell.swift */ = {isa = PBXFileReference; fileEncoding = 4; lastKnownFileType = sourcecode.swift; path = FoodTableViewCell.swift; sourceTree = "<group>"; };
		492845B320E1440900B2FBDC /* FoodTableViewController.swift */ = {isa = PBXFileReference; fileEncoding = 4; lastKnownFileType = sourcecode.swift; path = FoodTableViewController.swift; sourceTree = "<group>"; };
		492845B420E1440900B2FBDC /* FoodViewController.swift */ = {isa = PBXFileReference; fileEncoding = 4; lastKnownFileType = sourcecode.swift; path = FoodViewController.swift; sourceTree = "<group>"; };
		492845B520E1440900B2FBDC /* Info.plist */ = {isa = PBXFileReference; fileEncoding = 4; lastKnownFileType = text.plist.xml; path = Info.plist; sourceTree = "<group>"; };
		492845B620E1440900B2FBDC /* Main.storyboard */ = {isa = PBXFileReference; fileEncoding = 4; lastKnownFileType = file.storyboard; path = Main.storyboard; sourceTree = "<group>"; };
		492845B720E1440900B2FBDC /* Food.swift */ = {isa = PBXFileReference; fileEncoding = 4; lastKnownFileType = sourcecode.swift; path = Food.swift; sourceTree = "<group>"; };
		492845B820E1440900B2FBDC /* WeightTableViewCell.swift */ = {isa = PBXFileReference; fileEncoding = 4; lastKnownFileType = sourcecode.swift; path = WeightTableViewCell.swift; sourceTree = "<group>"; };
		492845B920E1440900B2FBDC /* WeightTableViewController.swift */ = {isa = PBXFileReference; fileEncoding = 4; lastKnownFileType = sourcecode.swift; path = WeightTableViewController.swift; sourceTree = "<group>"; };
		492845BA20E1440900B2FBDC /* AddWeightTableViewController.swift */ = {isa = PBXFileReference; fileEncoding = 4; lastKnownFileType = sourcecode.swift; path = AddWeightTableViewController.swift; sourceTree = "<group>"; };
		492845BB20E1440A00B2FBDC /* Assets.xcassets */ = {isa = PBXFileReference; lastKnownFileType = folder.assetcatalog; path = Assets.xcassets; sourceTree = "<group>"; };
		492845BC20E1440A00B2FBDC /* LaunchScreen.storyboard */ = {isa = PBXFileReference; fileEncoding = 4; lastKnownFileType = file.storyboard; path = LaunchScreen.storyboard; sourceTree = "<group>"; };
		492845BD20E1440A00B2FBDC /* AddFoodTableViewController.swift */ = {isa = PBXFileReference; fileEncoding = 4; lastKnownFileType = sourcecode.swift; path = AddFoodTableViewController.swift; sourceTree = "<group>"; };
		492845BE20E1440A00B2FBDC /* AppDelegate.swift */ = {isa = PBXFileReference; fileEncoding = 4; lastKnownFileType = sourcecode.swift; path = AppDelegate.swift; sourceTree = "<group>"; };
/* End PBXFileReference section */

/* Begin PBXFrameworksBuildPhase section */
		4928459620E143A100B2FBDC /* Frameworks */ = {
			isa = PBXFrameworksBuildPhase;
			buildActionMask = 2147483647;
			files = (
			);
			runOnlyForDeploymentPostprocessing = 0;
		};
/* End PBXFrameworksBuildPhase section */

/* Begin PBXGroup section */
		4928459020E143A100B2FBDC = {
			isa = PBXGroup;
			children = (
				4928459B20E143A100B2FBDC /* 00457118_final */,
				4928459A20E143A100B2FBDC /* Products */,
			);
			sourceTree = "<group>";
		};
		4928459A20E143A100B2FBDC /* Products */ = {
			isa = PBXGroup;
			children = (
				4928459920E143A100B2FBDC /* 00457118_final.app */,
			);
			name = Products;
			sourceTree = "<group>";
		};
		4928459B20E143A100B2FBDC /* 00457118_final */ = {
			isa = PBXGroup;
			children = (
				492845BD20E1440A00B2FBDC /* AddFoodTableViewController.swift */,
				492845BA20E1440900B2FBDC /* AddWeightTableViewController.swift */,
				492845BE20E1440A00B2FBDC /* AppDelegate.swift */,
				492845BB20E1440A00B2FBDC /* Assets.xcassets */,
				492845B720E1440900B2FBDC /* Food.swift */,
				492845B220E1440900B2FBDC /* FoodTableViewCell.swift */,
				492845B320E1440900B2FBDC /* FoodTableViewController.swift */,
				492845B420E1440900B2FBDC /* FoodViewController.swift */,
				492845B520E1440900B2FBDC /* Info.plist */,
				492845AF20E1440900B2FBDC /* Info.swift */,
				492845B020E1440900B2FBDC /* InfoViewController.swift */,
				492845BC20E1440A00B2FBDC /* LaunchScreen.storyboard */,
				492845B620E1440900B2FBDC /* Main.storyboard */,
				492845B120E1440900B2FBDC /* ViewController.swift */,
				492845B820E1440900B2FBDC /* WeightTableViewCell.swift */,
				492845B920E1440900B2FBDC /* WeightTableViewController.swift */,
				491955B220E146CC00111C0A /* 00457118_final-Bridging-Header.h */,
			);
			path = 00457118_final;
			sourceTree = "<group>";
		};
/* End PBXGroup section */

/* Begin PBXNativeTarget section */
		4928459820E143A100B2FBDC /* 00457118_final */ = {
			isa = PBXNativeTarget;
			buildConfigurationList = 492845AB20E143A200B2FBDC /* Build configuration list for PBXNativeTarget "00457118_final" */;
			buildPhases = (
				4928459520E143A100B2FBDC /* Sources */,
				4928459620E143A100B2FBDC /* Frameworks */,
				4928459720E143A100B2FBDC /* Resources */,
			);
			buildRules = (
			);
			dependencies = (
			);
			name = 00457118_final;
			productName = 00457118_final;
			productReference = 4928459920E143A100B2FBDC /* 00457118_final.app */;
			productType = "com.apple.product-type.application";
		};
/* End PBXNativeTarget section */

/* Begin PBXProject section */
		4928459120E143A100B2FBDC /* Project object */ = {
			isa = PBXProject;
			attributes = {
				LastSwiftUpdateCheck = 0930;
				LastUpgradeCheck = 0930;
				ORGANIZATIONNAME = User16;
				TargetAttributes = {
					4928459820E143A100B2FBDC = {
						CreatedOnToolsVersion = 9.3;
						LastSwiftMigration = 0930;
					};
				};
			};
			buildConfigurationList = 4928459420E143A100B2FBDC /* Build configuration list for PBXProject "00457118_final" */;
			compatibilityVersion = "Xcode 9.3";
			developmentRegion = en;
			hasScannedForEncodings = 0;
			knownRegions = (
				en,
				Base,
			);
			mainGroup = 4928459020E143A100B2FBDC;
			productRefGroup = 4928459A20E143A100B2FBDC /* Products */;
			projectDirPath = "";
			projectRoot = "";
			targets = (
				4928459820E143A100B2FBDC /* 00457118_final */,
			);
		};
/* End PBXProject section */

/* Begin PBXResourcesBuildPhase section */
		4928459720E143A100B2FBDC /* Resources */ = {
			isa = PBXResourcesBuildPhase;
			buildActionMask = 2147483647;
			files = (
				492845C520E1440A00B2FBDC /* Info.plist in Resources */,
				492845CC20E1440A00B2FBDC /* LaunchScreen.storyboard in Resources */,
				492845CB20E1440A00B2FBDC /* Assets.xcassets in Resources */,
				492845C620E1440A00B2FBDC /* Main.storyboard in Resources */,
			);
			runOnlyForDeploymentPostprocessing = 0;
		};
/* End PBXResourcesBuildPhase section */

/* Begin PBXSourcesBuildPhase section */
		4928459520E143A100B2FBDC /* Sources */ = {
			isa = PBXSourcesBuildPhase;
			buildActionMask = 2147483647;
			files = (
				492845CE20E1440A00B2FBDC /* AppDelegate.swift in Sources */,
				492845C720E1440A00B2FBDC /* Food.swift in Sources */,
				492845C120E1440A00B2FBDC /* ViewController.swift in Sources */,
				492845C220E1440A00B2FBDC /* FoodTableViewCell.swift in Sources */,
				492845C320E1440A00B2FBDC /* FoodTableViewController.swift in Sources */,
				492845CD20E1440A00B2FBDC /* AddFoodTableViewController.swift in Sources */,
				492845C020E1440A00B2FBDC /* InfoViewController.swift in Sources */,
				492845C420E1440A00B2FBDC /* FoodViewController.swift in Sources */,
				492845BF20E1440A00B2FBDC /* Info.swift in Sources */,
				492845C820E1440A00B2FBDC /* WeightTableViewCell.swift in Sources */,
				492845C920E1440A00B2FBDC /* WeightTableViewController.swift in Sources */,
				492845CA20E1440A00B2FBDC /* AddWeightTableViewController.swift in Sources */,
			);
			runOnlyForDeploymentPostprocessing = 0;
		};
/* End PBXSourcesBuildPhase section */

/* Begin XCBuildConfiguration section */
		492845A920E143A200B2FBDC /* Debug */ = {
			isa = XCBuildConfiguration;
			buildSettings = {
				ALWAYS_SEARCH_USER_PATHS = NO;
				CLANG_ANALYZER_NONNULL = YES;
				CLANG_ANALYZER_NUMBER_OBJECT_CONVERSION = YES_AGGRESSIVE;
				CLANG_CXX_LANGUAGE_STANDARD = "gnu++14";
				CLANG_CXX_LIBRARY = "libc++";
				CLANG_ENABLE_MODULES = YES;
				CLANG_ENABLE_OBJC_ARC = YES;
				CLANG_ENABLE_OBJC_WEAK = YES;
				CLANG_WARN_BLOCK_CAPTURE_AUTORELEASING = YES;
				CLANG_WARN_BOOL_CONVERSION = YES;
				CLANG_WARN_COMMA = YES;
				CLANG_WARN_CONSTANT_CONVERSION = YES;
				CLANG_WARN_DEPRECATED_OBJC_IMPLEMENTATIONS = YES;
				CLANG_WARN_DIRECT_OBJC_ISA_USAGE = YES_ERROR;
				CLANG_WARN_DOCUMENTATION_COMMENTS = YES;
				CLANG_WARN_EMPTY_BODY = YES;
				CLANG_WARN_ENUM_CONVERSION = YES;
				CLANG_WARN_INFINITE_RECURSION = YES;
				CLANG_WARN_INT_CONVERSION = YES;
				CLANG_WARN_NON_LITERAL_NULL_CONVERSION = YES;
				CLANG_WARN_OBJC_IMPLICIT_RETAIN_SELF = YES;
				CLANG_WARN_OBJC_LITERAL_CONVERSION = YES;
				CLANG_WARN_OBJC_ROOT_CLASS = YES_ERROR;
				CLANG_WARN_RANGE_LOOP_ANALYSIS = YES;
				CLANG_WARN_STRICT_PROTOTYPES = YES;
				CLANG_WARN_SUSPICIOUS_MOVE = YES;
				CLANG_WARN_UNGUARDED_AVAILABILITY = YES_AGGRESSIVE;
				CLANG_WARN_UNREACHABLE_CODE = YES;
				CLANG_WARN__DUPLICATE_METHOD_MATCH = YES;
				CODE_SIGN_IDENTITY = "iPhone Developer";
				COPY_PHASE_STRIP = NO;
				DEBUG_INFORMATION_FORMAT = dwarf;
				ENABLE_STRICT_OBJC_MSGSEND = YES;
				ENABLE_TESTABILITY = YES;
				GCC_C_LANGUAGE_STANDARD = gnu11;
				GCC_DYNAMIC_NO_PIC = NO;
				GCC_NO_COMMON_BLOCKS = YES;
				GCC_OPTIMIZATION_LEVEL = 0;
				GCC_PREPROCESSOR_DEFINITIONS = (
					"DEBUG=1",
					"$(inherited)",
				);
				GCC_WARN_64_TO_32_BIT_CONVERSION = YES;
				GCC_WARN_ABOUT_RETURN_TYPE = YES_ERROR;
				GCC_WARN_UNDECLARED_SELECTOR = YES;
				GCC_WARN_UNINITIALIZED_AUTOS = YES_AGGRESSIVE;
				GCC_WARN_UNUSED_FUNCTION = YES;
				GCC_WARN_UNUSED_VARIABLE = YES;
				IPHONEOS_DEPLOYMENT_TARGET = 11.3;
				MTL_ENABLE_DEBUG_INFO = YES;
				ONLY_ACTIVE_ARCH = YES;
				SDKROOT = iphoneos;
				SWIFT_ACTIVE_COMPILATION_CONDITIONS = DEBUG;
				SWIFT_OPTIMIZATION_LEVEL = "-Onone";
			};
			name = Debug;
		};
		492845AA20E143A200B2FBDC /* Release */ = {
			isa = XCBuildConfiguration;
			buildSettings = {
				ALWAYS_SEARCH_USER_PATHS = NO;
				CLANG_ANALYZER_NONNULL = YES;
				CLANG_ANALYZER_NUMBER_OBJECT_CONVERSION = YES_AGGRESSIVE;
				CLANG_CXX_LANGUAGE_STANDARD = "gnu++14";
				CLANG_CXX_LIBRARY = "libc++";
				CLANG_ENABLE_MODULES = YES;
				CLANG_ENABLE_OBJC_ARC = YES;
				CLANG_ENABLE_OBJC_WEAK = YES;
				CLANG_WARN_BLOCK_CAPTURE_AUTORELEASING = YES;
				CLANG_WARN_BOOL_CONVERSION = YES;
				CLANG_WARN_COMMA = YES;
				CLANG_WARN_CONSTANT_CONVERSION = YES;
				CLANG_WARN_DEPRECATED_OBJC_IMPLEMENTATIONS = YES;
				CLANG_WARN_DIRECT_OBJC_ISA_USAGE = YES_ERROR;
				CLANG_WARN_DOCUMENTATION_COMMENTS = YES;
				CLANG_WARN_EMPTY_BODY = YES;
				CLANG_WARN_ENUM_CONVERSION = YES;
				CLANG_WARN_INFINITE_RECURSION = YES;
				CLANG_WARN_INT_CONVERSION = YES;
				CLANG_WARN_NON_LITERAL_NULL_CONVERSION = YES;
				CLANG_WARN_OBJC_IMPLICIT_RETAIN_SELF = YES;
				CLANG_WARN_OBJC_LITERAL_CONVERSION = YES;
				CLANG_WARN_OBJC_ROOT_CLASS = YES_ERROR;
				CLANG_WARN_RANGE_LOOP_ANALYSIS = YES;
				CLANG_WARN_STRICT_PROTOTYPES = YES;
				CLANG_WARN_SUSPICIOUS_MOVE = YES;
				CLANG_WARN_UNGUARDED_AVAILABILITY = YES_AGGRESSIVE;
				CLANG_WARN_UNREACHABLE_CODE = YES;
				CLANG_WARN__DUPLICATE_METHOD_MATCH = YES;
				CODE_SIGN_IDENTITY = "iPhone Developer";
				COPY_PHASE_STRIP = NO;
				DEBUG_INFORMATION_FORMAT = "dwarf-with-dsym";
				ENABLE_NS_ASSERTIONS = NO;
				ENABLE_STRICT_OBJC_MSGSEND = YES;
				GCC_C_LANGUAGE_STANDARD = gnu11;
				GCC_NO_COMMON_BLOCKS = YES;
				GCC_WARN_64_TO_32_BIT_CONVERSION = YES;
				GCC_WARN_ABOUT_RETURN_TYPE = YES_ERROR;
				GCC_WARN_UNDECLARED_SELECTOR = YES;
				GCC_WARN_UNINITIALIZED_AUTOS = YES_AGGRESSIVE;
				GCC_WARN_UNUSED_FUNCTION = YES;
				GCC_WARN_UNUSED_VARIABLE = YES;
				IPHONEOS_DEPLOYMENT_TARGET = 11.3;
				MTL_ENABLE_DEBUG_INFO = NO;
				SDKROOT = iphoneos;
				SWIFT_COMPILATION_MODE = wholemodule;
				SWIFT_OPTIMIZATION_LEVEL = "-O";
				VALIDATE_PRODUCT = YES;
			};
			name = Release;
		};
		492845AC20E143A200B2FBDC /* Debug */ = {
			isa = XCBuildConfiguration;
			buildSettings = {
				ASSETCATALOG_COMPILER_APPICON_NAME = AppIcon;
				ASSETCATALOG_COMPILER_LAUNCHIMAGE_NAME = LaunchImage;
				CLANG_ENABLE_MODULES = YES;
				CODE_SIGN_STYLE = Automatic;
				INFOPLIST_FILE = 00457118_final/Info.plist;
				LD_RUNPATH_SEARCH_PATHS = (
					"$(inherited)",
					"@executable_path/Frameworks",
				);
				PRODUCT_BUNDLE_IDENTIFIER = "user16.-0457118-final";
				PRODUCT_NAME = "$(TARGET_NAME)";
				SWIFT_OBJC_BRIDGING_HEADER = "00457118_final/00457118_final-Bridging-Header.h";
				SWIFT_OPTIMIZATION_LEVEL = "-Onone";
				SWIFT_VERSION = 4.0;
				TARGETED_DEVICE_FAMILY = "1,2";
			};
			name = Debug;
		};
		492845AD20E143A200B2FBDC /* Release */ = {
			isa = XCBuildConfiguration;
			buildSettings = {
				ASSETCATALOG_COMPILER_APPICON_NAME = AppIcon;
				ASSETCATALOG_COMPILER_LAUNCHIMAGE_NAME = LaunchImage;
				CLANG_ENABLE_MODULES = YES;
				CODE_SIGN_STYLE = Automatic;
				INFOPLIST_FILE = 00457118_final/Info.plist;
				LD_RUNPATH_SEARCH_PATHS = (
					"$(inherited)",
					"@executable_path/Frameworks",
				);
				PRODUCT_BUNDLE_IDENTIFIER = "user16.-0457118-final";
				PRODUCT_NAME = "$(TARGET_NAME)";
				SWIFT_OBJC_BRIDGING_HEADER = "00457118_final/00457118_final-Bridging-Header.h";
				SWIFT_VERSION = 4.0;
				TARGETED_DEVICE_FAMILY = "1,2";
			};
			name = Release;
		};
/* End XCBuildConfiguration section */

/* Begin XCConfigurationList section */
		4928459420E143A100B2FBDC /* Build configuration list for PBXProject "00457118_final" */ = {
			isa = XCConfigurationList;
			buildConfigurations = (
				492845A920E143A200B2FBDC /* Debug */,
				492845AA20E143A200B2FBDC /* Release */,
			);
			defaultConfigurationIsVisible = 0;
			defaultConfigurationName = Release;
		};
		492845AB20E143A200B2FBDC /* Build configuration list for PBXNativeTarget "00457118_final" */ = {
			isa = XCConfigurationList;
			buildConfigurations = (
				492845AC20E143A200B2FBDC /* Debug */,
				492845AD20E143A200B2FBDC /* Release */,
			);
			defaultConfigurationIsVisible = 0;
			defaultConfigurationName = Release;
		};
/* End XCConfigurationList section */
	};
	rootObject = 4928459120E143A100B2FBDC /* Project object */;
}
